Microsoft Visual Studio Solution File, Format Version 12.00
# Visual Studio Version 17
VisualStudioVersion = 17.7.34202.233
MinimumVisualStudioVersion = 10.0.40219.1
Project("{9A19103F-16F7-4668-BE54-9A1E7A4F7556}") = "SmartContract", "SmartContract\SmartContract.csproj", "{982B977D-6DAA-4520-9A57-90DD02E81329}"
EndProject
Project("{9A19103F-16F7-4668-BE54-9A1E7A4F7556}") = "Client", "Client\Client.csproj", "{47157A54-7646-4FA7-9042-94108E928591}"
EndProject
Project("{9A19103F-16F7-4668-BE54-9A1E7A4F7556}") = "Miner", "Miner\Miner.csproj", "{6827AD4F-0DB6-4C58-97CA-4B88FD8CE407}"
EndProject
Project("{9A19103F-16F7-4668-BE54-9A1E7A4F7556}") = "CommonInterfaces", "CommonInterfaces\CommonInterfaces.csproj", "{123761E7-16D7-445A-A331-68AE29324CCF}"
EndProject
Project("{FAE04EC0-301F-11D3-BF4B-00C04F79EFBC}") = "ClientTest", "ClientTest\ClientTest.csproj", "{5F602ACA-6C51-41E2-A0B8-3BF8A54003EC}"
EndProject
Global
	GlobalSection(SolutionConfigurationPlatforms) = preSolution
		Debug|Any CPU = Debug|Any CPU
		Release|Any CPU = Release|Any CPU
	EndGlobalSection
	GlobalSection(ProjectConfigurationPlatforms) = postSolution
		{982B977D-6DAA-4520-9A57-90DD02E81329}.Debug|Any CPU.ActiveCfg = Debug|Any CPU
		{982B977D-6DAA-4520-9A57-90DD02E81329}.Debug|Any CPU.Build.0 = Debug|Any CPU
		{982B977D-6DAA-4520-9A57-90DD02E81329}.Release|Any CPU.ActiveCfg = Release|Any CPU
		{982B977D-6DAA-4520-9A57-90DD02E81329}.Release|Any CPU.Build.0 = Release|Any CPU
		{47157A54-7646-4FA7-9042-94108E928591}.Debug|Any CPU.ActiveCfg = Debug|Any CPU
		{47157A54-7646-4FA7-9042-94108E928591}.Debug|Any CPU.Build.0 = Debug|Any CPU
		{47157A54-7646-4FA7-9042-94108E928591}.Release|Any CPU.ActiveCfg = Release|Any CPU
		{47157A54-7646-4FA7-9042-94108E928591}.Release|Any CPU.Build.0 = Release|Any CPU
		{6827AD4F-0DB6-4C58-97CA-4B88FD8CE407}.Debug|Any CPU.ActiveCfg = Debug|Any CPU
		{6827AD4F-0DB6-4C58-97CA-4B88FD8CE407}.Debug|Any CPU.Build.0 = Debug|Any CPU
		{6827AD4F-0DB6-4C58-97CA-4B88FD8CE407}.Release|Any CPU.ActiveCfg = Release|Any CPU
		{6827AD4F-0DB6-4C58-97CA-4B88FD8CE407}.Release|Any CPU.Build.0 = Release|Any CPU
		{123761E7-16D7-445A-A331-68AE29324CCF}.Debug|Any CPU.ActiveCfg = Debug|Any CPU
		{123761E7-16D7-445A-A331-68AE29324CCF}.Debug|Any CPU.Build.0 = Debug|Any CPU
		{123761E7-16D7-445A-A331-68AE29324CCF}.Release|Any CPU.ActiveCfg = Release|Any CPU
		{123761E7-16D7-445A-A331-68AE29324CCF}.Release|Any CPU.Build.0 = Release|Any CPU
		{5F602ACA-6C51-41E2-A0B8-3BF8A54003EC}.Debug|Any CPU.ActiveCfg = Debug|Any CPU
		{5F602ACA-6C51-41E2-A0B8-3BF8A54003EC}.Debug|Any CPU.Build.0 = Debug|Any CPU
		{5F602ACA-6C51-41E2-A0B8-3BF8A54003EC}.Release|Any CPU.ActiveCfg = Release|Any CPU
		{5F602ACA-6C51-41E2-A0B8-3BF8A54003EC}.Release|Any CPU.Build.0 = Release|Any CPU
	EndGlobalSection
	GlobalSection(SolutionProperties) = preSolution
		HideSolutionNode = FALSE
	EndGlobalSection
	GlobalSection(ExtensibilityGlobals) = postSolution
		SolutionGuid = {EDC37F6C-DE68-4764-8553-3A7F827B7ED5}
	EndGlobalSection
EndGlobal
