
Microsoft Visual Studio Solution File, Format Version 12.00
# Visual Studio Version 17
VisualStudioVersion = 17.7.34202.233
MinimumVisualStudioVersion = 10.0.40219.1
Project("{9A19103F-16F7-4668-BE54-9A1E7A4F7556}") = "P1_Blockchain", "P1_Blockchain\P1_Blockchain.csproj", "{982B977D-6DAA-4520-9A57-90DD02E81329}"
EndProject
Global
	GlobalSection(SolutionConfigurationPlatforms) = preSolution
		Debug|Any CPU = Debug|Any CPU
		Release|Any CPU = Release|Any CPU
	EndGlobalSection
	GlobalSection(ProjectConfigurationPlatforms) = postSolution
		{982B977D-6DAA-4520-9A57-90DD02E81329}.Debug|Any CPU.ActiveCfg = Debug|Any CPU
		{982B977D-6DAA-4520-9A57-90DD02E81329}.Debug|Any CPU.Build.0 = Debug|Any CPU
		{982B977D-6DAA-4520-9A57-90DD02E81329}.Release|Any CPU.ActiveCfg = Release|Any CPU
		{982B977D-6DAA-4520-9A57-90DD02E81329}.Release|Any CPU.Build.0 = Release|Any CPU
	EndGlobalSection
	GlobalSection(SolutionProperties) = preSolution
		HideSolutionNode = FALSE
	EndGlobalSection
	GlobalSection(ExtensibilityGlobals) = postSolution
		SolutionGuid = {EDC37F6C-DE68-4764-8553-3A7F827B7ED5}
	EndGlobalSection
EndGlobal
